
Microsoft Visual Studio Solution File, Format Version 12.00
# Visual Studio Version 17
VisualStudioVersion = 17.5.33627.172
MinimumVisualStudioVersion = 10.0.40219.1
Project("{FAE04EC0-301F-11D3-BF4B-00C04F79EFBC}") = "Project2", "Project2\Project2.csproj", "{C6E41E4F-E8BB-4D95-8D8F-A36A324C24D6}"
EndProject
Project("{FAE04EC0-301F-11D3-BF4B-00C04F79EFBC}") = "BLL", "BLL\BLL.csproj", "{051A48A7-E6AD-467B-9511-9E9079624B6E}"
EndProject
Project("{FAE04EC0-301F-11D3-BF4B-00C04F79EFBC}") = "DAL", "DAL\DAL.csproj", "{DB0873F1-F61F-49BB-9720-4EA23AEBD5A3}"
EndProject
Project("{FAE04EC0-301F-11D3-BF4B-00C04F79EFBC}") = "Common", "Common\Common.csproj", "{BD252419-7CFA-47CC-A5CE-07C4CFFCEEDC}"
EndProject
Global
	GlobalSection(SolutionConfigurationPlatforms) = preSolution
		Debug|Any CPU = Debug|Any CPU
		Release|Any CPU = Release|Any CPU
	EndGlobalSection
	GlobalSection(ProjectConfigurationPlatforms) = postSolution
		{C6E41E4F-E8BB-4D95-8D8F-A36A324C24D6}.Debug|Any CPU.ActiveCfg = Debug|Any CPU
		{C6E41E4F-E8BB-4D95-8D8F-A36A324C24D6}.Debug|Any CPU.Build.0 = Debug|Any CPU
		{C6E41E4F-E8BB-4D95-8D8F-A36A324C24D6}.Release|Any CPU.ActiveCfg = Release|Any CPU
		{C6E41E4F-E8BB-4D95-8D8F-A36A324C24D6}.Release|Any CPU.Build.0 = Release|Any CPU
		{051A48A7-E6AD-467B-9511-9E9079624B6E}.Debug|Any CPU.ActiveCfg = Debug|Any CPU
		{051A48A7-E6AD-467B-9511-9E9079624B6E}.Debug|Any CPU.Build.0 = Debug|Any CPU
		{051A48A7-E6AD-467B-9511-9E9079624B6E}.Release|Any CPU.ActiveCfg = Release|Any CPU
		{051A48A7-E6AD-467B-9511-9E9079624B6E}.Release|Any CPU.Build.0 = Release|Any CPU
		{DB0873F1-F61F-49BB-9720-4EA23AEBD5A3}.Debug|Any CPU.ActiveCfg = Debug|Any CPU
		{DB0873F1-F61F-49BB-9720-4EA23AEBD5A3}.Debug|Any CPU.Build.0 = Debug|Any CPU
		{DB0873F1-F61F-49BB-9720-4EA23AEBD5A3}.Release|Any CPU.ActiveCfg = Release|Any CPU
		{DB0873F1-F61F-49BB-9720-4EA23AEBD5A3}.Release|Any CPU.Build.0 = Release|Any CPU
		{BD252419-7CFA-47CC-A5CE-07C4CFFCEEDC}.Debug|Any CPU.ActiveCfg = Debug|Any CPU
		{BD252419-7CFA-47CC-A5CE-07C4CFFCEEDC}.Debug|Any CPU.Build.0 = Debug|Any CPU
		{BD252419-7CFA-47CC-A5CE-07C4CFFCEEDC}.Release|Any CPU.ActiveCfg = Release|Any CPU
		{BD252419-7CFA-47CC-A5CE-07C4CFFCEEDC}.Release|Any CPU.Build.0 = Release|Any CPU
	EndGlobalSection
	GlobalSection(SolutionProperties) = preSolution
		HideSolutionNode = FALSE
	EndGlobalSection
	GlobalSection(ExtensibilityGlobals) = postSolution
		SolutionGuid = {75D9FFC5-8011-4CBD-A9E8-CC188D6CA5FC}
	EndGlobalSection
EndGlobal
